
Microsoft Visual Studio Solution File, Format Version 12.00
# Visual Studio Version 17
VisualStudioVersion = 17.6.33829.357
MinimumVisualStudioVersion = 10.0.40219.1
Project("{FAE04EC0-301F-11D3-BF4B-00C04F79EFBC}") = "Intro10Nmro", "Intro10Nmro.csproj", "{5777E1FE-C12D-4625-A1EA-D441899E3933}"
EndProject
Global
	GlobalSection(SolutionConfigurationPlatforms) = preSolution
		Debug|Any CPU = Debug|Any CPU
		Release|Any CPU = Release|Any CPU
	EndGlobalSection
	GlobalSection(ProjectConfigurationPlatforms) = postSolution
		{5777E1FE-C12D-4625-A1EA-D441899E3933}.Debug|Any CPU.ActiveCfg = Debug|Any CPU
		{5777E1FE-C12D-4625-A1EA-D441899E3933}.Debug|Any CPU.Build.0 = Debug|Any CPU
		{5777E1FE-C12D-4625-A1EA-D441899E3933}.Release|Any CPU.ActiveCfg = Release|Any CPU
		{5777E1FE-C12D-4625-A1EA-D441899E3933}.Release|Any CPU.Build.0 = Release|Any CPU
	EndGlobalSection
	GlobalSection(SolutionProperties) = preSolution
		HideSolutionNode = FALSE
	EndGlobalSection
	GlobalSection(ExtensibilityGlobals) = postSolution
		SolutionGuid = {D1DBC345-7511-42AB-B106-67B290AF6BB5}
	EndGlobalSection
EndGlobal
