
Microsoft Visual Studio Solution File, Format Version 12.00
# Visual Studio Version 17
VisualStudioVersion = 17.6.33829.357
MinimumVisualStudioVersion = 10.0.40219.1
Project("{FAE04EC0-301F-11D3-BF4B-00C04F79EFBC}") = "buclewhile", "buclewhile.csproj", "{7E70B96B-4A27-4C3B-B442-1DE2B3525B77}"
EndProject
Global
	GlobalSection(SolutionConfigurationPlatforms) = preSolution
		Debug|Any CPU = Debug|Any CPU
		Release|Any CPU = Release|Any CPU
	EndGlobalSection
	GlobalSection(ProjectConfigurationPlatforms) = postSolution
		{7E70B96B-4A27-4C3B-B442-1DE2B3525B77}.Debug|Any CPU.ActiveCfg = Debug|Any CPU
		{7E70B96B-4A27-4C3B-B442-1DE2B3525B77}.Debug|Any CPU.Build.0 = Debug|Any CPU
		{7E70B96B-4A27-4C3B-B442-1DE2B3525B77}.Release|Any CPU.ActiveCfg = Release|Any CPU
		{7E70B96B-4A27-4C3B-B442-1DE2B3525B77}.Release|Any CPU.Build.0 = Release|Any CPU
	EndGlobalSection
	GlobalSection(SolutionProperties) = preSolution
		HideSolutionNode = FALSE
	EndGlobalSection
	GlobalSection(ExtensibilityGlobals) = postSolution
		SolutionGuid = {74CD5C11-C71F-4239-90FD-CB44A502DB87}
	EndGlobalSection
EndGlobal
