
Microsoft Visual Studio Solution File, Format Version 12.00
# Visual Studio Version 17
VisualStudioVersion = 17.6.33829.357
MinimumVisualStudioVersion = 10.0.40219.1
Project("{FAE04EC0-301F-11D3-BF4B-00C04F79EFBC}") = "Capturaempleadoforms", "Capturaempleadoforms.csproj", "{DDC3D00A-DF3A-4BF2-8F14-77D81BF0D90F}"
EndProject
Global
	GlobalSection(SolutionConfigurationPlatforms) = preSolution
		Debug|Any CPU = Debug|Any CPU
		Release|Any CPU = Release|Any CPU
	EndGlobalSection
	GlobalSection(ProjectConfigurationPlatforms) = postSolution
		{DDC3D00A-DF3A-4BF2-8F14-77D81BF0D90F}.Debug|Any CPU.ActiveCfg = Debug|Any CPU
		{DDC3D00A-DF3A-4BF2-8F14-77D81BF0D90F}.Debug|Any CPU.Build.0 = Debug|Any CPU
		{DDC3D00A-DF3A-4BF2-8F14-77D81BF0D90F}.Release|Any CPU.ActiveCfg = Release|Any CPU
		{DDC3D00A-DF3A-4BF2-8F14-77D81BF0D90F}.Release|Any CPU.Build.0 = Release|Any CPU
	EndGlobalSection
	GlobalSection(SolutionProperties) = preSolution
		HideSolutionNode = FALSE
	EndGlobalSection
	GlobalSection(ExtensibilityGlobals) = postSolution
		SolutionGuid = {D4042B89-F78C-4BAC-B75B-EAF7A2851DAC}
	EndGlobalSection
EndGlobal
